
Microsoft Visual Studio Solution File, Format Version 12.00
# Visual Studio Version 16
VisualStudioVersion = 16.0.32510.428
MinimumVisualStudioVersion = 10.0.40219.1
Project("{FAE04EC0-301F-11D3-BF4B-00C04F79EFBC}") = "button application", "button application.csproj", "{687F13C3-F3E1-43EE-ACBA-7CFAD82400C6}"
EndProject
Global
	GlobalSection(SolutionConfigurationPlatforms) = preSolution
		Debug|Any CPU = Debug|Any CPU
		Release|Any CPU = Release|Any CPU
	EndGlobalSection
	GlobalSection(ProjectConfigurationPlatforms) = postSolution
		{687F13C3-F3E1-43EE-ACBA-7CFAD82400C6}.Debug|Any CPU.ActiveCfg = Debug|Any CPU
		{687F13C3-F3E1-43EE-ACBA-7CFAD82400C6}.Debug|Any CPU.Build.0 = Debug|Any CPU
		{687F13C3-F3E1-43EE-ACBA-7CFAD82400C6}.Release|Any CPU.ActiveCfg = Release|Any CPU
		{687F13C3-F3E1-43EE-ACBA-7CFAD82400C6}.Release|Any CPU.Build.0 = Release|Any CPU
	EndGlobalSection
	GlobalSection(SolutionProperties) = preSolution
		HideSolutionNode = FALSE
	EndGlobalSection
	GlobalSection(ExtensibilityGlobals) = postSolution
		SolutionGuid = {1DB5FF8B-4689-420F-B00B-93EEABB25403}
	EndGlobalSection
EndGlobal
